
Microsoft Visual Studio Solution File, Format Version 12.00
# Visual Studio Version 17
VisualStudioVersion = 17.6.33815.320
MinimumVisualStudioVersion = 10.0.40219.1
Project("{9A19103F-16F7-4668-BE54-9A1E7A4F7556}") = "PokeBattleSupport2", "PokeBattleSupport2.csproj", "{AB8C39B7-94DE-41B1-B81C-36681D836396}"
EndProject
Global
	GlobalSection(SolutionConfigurationPlatforms) = preSolution
		Debug|Any CPU = Debug|Any CPU
		Release|Any CPU = Release|Any CPU
	EndGlobalSection
	GlobalSection(ProjectConfigurationPlatforms) = postSolution
		{AB8C39B7-94DE-41B1-B81C-36681D836396}.Debug|Any CPU.ActiveCfg = Debug|Any CPU
		{AB8C39B7-94DE-41B1-B81C-36681D836396}.Debug|Any CPU.Build.0 = Debug|Any CPU
		{AB8C39B7-94DE-41B1-B81C-36681D836396}.Release|Any CPU.ActiveCfg = Release|Any CPU
		{AB8C39B7-94DE-41B1-B81C-36681D836396}.Release|Any CPU.Build.0 = Release|Any CPU
	EndGlobalSection
	GlobalSection(SolutionProperties) = preSolution
		HideSolutionNode = FALSE
	EndGlobalSection
	GlobalSection(ExtensibilityGlobals) = postSolution
		SolutionGuid = {F7C552B8-31B0-4F84-B26E-472AC3EF468C}
	EndGlobalSection
EndGlobal
